
Microsoft Visual Studio Solution File, Format Version 12.00
# Visual Studio Version 16
VisualStudioVersion = 16.0.808.5
MinimumVisualStudioVersion = 10.0.40219.1
Project("{FAE04EC0-301F-11D3-BF4B-00C04F79EFBC}") = "Koleksiyonlar", "Koleksiyonlar\Koleksiyonlar.csproj", "{7769C31B-F331-417C-8C40-F8FC4C659D20}"
EndProject
Project("{FAE04EC0-301F-11D3-BF4B-00C04F79EFBC}") = "MyListDictionary", "MyListDictionary\MyListDictionary.csproj", "{48996C09-F835-4208-BEF5-13B64BC0F188}"
EndProject
Global
	GlobalSection(SolutionConfigurationPlatforms) = preSolution
		Debug|Any CPU = Debug|Any CPU
		Release|Any CPU = Release|Any CPU
	EndGlobalSection
	GlobalSection(ProjectConfigurationPlatforms) = postSolution
		{7769C31B-F331-417C-8C40-F8FC4C659D20}.Debug|Any CPU.ActiveCfg = Debug|Any CPU
		{7769C31B-F331-417C-8C40-F8FC4C659D20}.Debug|Any CPU.Build.0 = Debug|Any CPU
		{7769C31B-F331-417C-8C40-F8FC4C659D20}.Release|Any CPU.ActiveCfg = Release|Any CPU
		{7769C31B-F331-417C-8C40-F8FC4C659D20}.Release|Any CPU.Build.0 = Release|Any CPU
		{48996C09-F835-4208-BEF5-13B64BC0F188}.Debug|Any CPU.ActiveCfg = Debug|Any CPU
		{48996C09-F835-4208-BEF5-13B64BC0F188}.Debug|Any CPU.Build.0 = Debug|Any CPU
		{48996C09-F835-4208-BEF5-13B64BC0F188}.Release|Any CPU.ActiveCfg = Release|Any CPU
		{48996C09-F835-4208-BEF5-13B64BC0F188}.Release|Any CPU.Build.0 = Release|Any CPU
	EndGlobalSection
	GlobalSection(SolutionProperties) = preSolution
		HideSolutionNode = FALSE
	EndGlobalSection
	GlobalSection(ExtensibilityGlobals) = postSolution
		SolutionGuid = {9379CF55-5ED5-41AF-9235-EAC8936572E1}
	EndGlobalSection
EndGlobal
